// !$*UTF8*$!
{
	archiveVersion = 1;
	classes = {
	};
	objectVersion = 77;
	objects = {

/* Begin PBXBuildFile section */
		F63695C82DC10287006E5128 /* ColneAppIntents.appex in Embed ExtensionKit Extensions */ = {isa = PBXBuildFile; fileRef = F63695BF2DC10287006E5128 /* ColneAppIntents.appex */; settings = {ATTRIBUTES = (RemoveHeadersOnCopy, ); }; };
/* End PBXBuildFile section */

/* Begin PBXContainerItemProxy section */
		F636958C2DC0D95B006E5128 /* PBXContainerItemProxy */ = {
			isa = PBXContainerItemProxy;
			containerPortal = F63695762DC0D95A006E5128 /* Project object */;
			proxyType = 1;
			remoteGlobalIDString = F636957D2DC0D95A006E5128;
			remoteInfo = Colne;
		};
		F63695962DC0D95B006E5128 /* PBXContainerItemProxy */ = {
			isa = PBXContainerItemProxy;
			containerPortal = F63695762DC0D95A006E5128 /* Project object */;
			proxyType = 1;
			remoteGlobalIDString = F636957D2DC0D95A006E5128;
			remoteInfo = Colne;
		};
		F63695C62DC10287006E5128 /* PBXContainerItemProxy */ = {
			isa = PBXContainerItemProxy;
			containerPortal = F63695762DC0D95A006E5128 /* Project object */;
			proxyType = 1;
			remoteGlobalIDString = F63695BE2DC10287006E5128;
			remoteInfo = ColneAppIntents;
		};
/* End PBXContainerItemProxy section */

/* Begin PBXCopyFilesBuildPhase section */
		F63695C92DC10287006E5128 /* Embed ExtensionKit Extensions */ = {
			isa = PBXCopyFilesBuildPhase;
			buildActionMask = 2147483647;
			dstPath = "$(EXTENSIONS_FOLDER_PATH)";
			dstSubfolderSpec = 16;
			files = (
				F63695C82DC10287006E5128 /* ColneAppIntents.appex in Embed ExtensionKit Extensions */,
			);
			name = "Embed ExtensionKit Extensions";
			runOnlyForDeploymentPostprocessing = 0;
		};
/* End PBXCopyFilesBuildPhase section */

/* Begin PBXFileReference section */
		F636957E2DC0D95A006E5128 /* Colne.app */ = {isa = PBXFileReference; explicitFileType = wrapper.application; includeInIndex = 0; path = Colne.app; sourceTree = BUILT_PRODUCTS_DIR; };
		F636958B2DC0D95B006E5128 /* ColneTests.xctest */ = {isa = PBXFileReference; explicitFileType = wrapper.cfbundle; includeInIndex = 0; path = ColneTests.xctest; sourceTree = BUILT_PRODUCTS_DIR; };
		F63695952DC0D95B006E5128 /* ColneUITests.xctest */ = {isa = PBXFileReference; explicitFileType = wrapper.cfbundle; includeInIndex = 0; path = ColneUITests.xctest; sourceTree = BUILT_PRODUCTS_DIR; };
		F63695BF2DC10287006E5128 /* ColneAppIntents.appex */ = {isa = PBXFileReference; explicitFileType = "wrapper.extensionkit-extension"; includeInIndex = 0; path = ColneAppIntents.appex; sourceTree = BUILT_PRODUCTS_DIR; };
/* End PBXFileReference section */

/* Begin PBXFileSystemSynchronizedBuildFileExceptionSet section */
		F62BAB712DC130980039DFB7 /* Exceptions for "Colne" folder in "Colne" target */ = {
			isa = PBXFileSystemSynchronizedBuildFileExceptionSet;
			membershipExceptions = (
				Info.plist,
			);
			target = F636957D2DC0D95A006E5128 /* Colne */;
		};
		F63695CC2DC10287006E5128 /* Exceptions for "ColneAppIntents" folder in "ColneAppIntents" target */ = {
			isa = PBXFileSystemSynchronizedBuildFileExceptionSet;
			membershipExceptions = (
				Info.plist,
			);
			target = F63695BE2DC10287006E5128 /* ColneAppIntents */;
		};
/* End PBXFileSystemSynchronizedBuildFileExceptionSet section */

/* Begin PBXFileSystemSynchronizedRootGroup section */
		F63695802DC0D95A006E5128 /* Colne */ = {
			isa = PBXFileSystemSynchronizedRootGroup;
			exceptions = (
				F62BAB712DC130980039DFB7 /* Exceptions for "Colne" folder in "Colne" target */,
			);
			path = Colne;
			sourceTree = "<group>";
		};
		F636958E2DC0D95B006E5128 /* ColneTests */ = {
			isa = PBXFileSystemSynchronizedRootGroup;
			path = ColneTests;
			sourceTree = "<group>";
		};
		F63695982DC0D95B006E5128 /* ColneUITests */ = {
			isa = PBXFileSystemSynchronizedRootGroup;
			path = ColneUITests;
			sourceTree = "<group>";
		};
		F63695C02DC10287006E5128 /* ColneAppIntents */ = {
			isa = PBXFileSystemSynchronizedRootGroup;
			exceptions = (
				F63695CC2DC10287006E5128 /* Exceptions for "ColneAppIntents" folder in "ColneAppIntents" target */,
			);
			path = ColneAppIntents;
			sourceTree = "<group>";
		};
		F63695DC2DC113BB006E5128 /* Shared */ = {
			isa = PBXFileSystemSynchronizedRootGroup;
			path = Shared;
			sourceTree = "<group>";
		};
/* End PBXFileSystemSynchronizedRootGroup section */

/* Begin PBXFrameworksBuildPhase section */
		F636957B2DC0D95A006E5128 /* Frameworks */ = {
			isa = PBXFrameworksBuildPhase;
			buildActionMask = 2147483647;
			files = (
			);
			runOnlyForDeploymentPostprocessing = 0;
		};
		F63695882DC0D95B006E5128 /* Frameworks */ = {
			isa = PBXFrameworksBuildPhase;
			buildActionMask = 2147483647;
			files = (
			);
			runOnlyForDeploymentPostprocessing = 0;
		};
		F63695922DC0D95B006E5128 /* Frameworks */ = {
			isa = PBXFrameworksBuildPhase;
			buildActionMask = 2147483647;
			files = (
			);
			runOnlyForDeploymentPostprocessing = 0;
		};
		F63695BC2DC10287006E5128 /* Frameworks */ = {
			isa = PBXFrameworksBuildPhase;
			buildActionMask = 2147483647;
			files = (
			);
			runOnlyForDeploymentPostprocessing = 0;
		};
/* End PBXFrameworksBuildPhase section */

/* Begin PBXGroup section */
		F63695752DC0D95A006E5128 = {
			isa = PBXGroup;
			children = (
				F63695DC2DC113BB006E5128 /* Shared */,
				F63695802DC0D95A006E5128 /* Colne */,
				F636958E2DC0D95B006E5128 /* ColneTests */,
				F63695982DC0D95B006E5128 /* ColneUITests */,
				F63695C02DC10287006E5128 /* ColneAppIntents */,
				F636957F2DC0D95A006E5128 /* Products */,
			);
			sourceTree = "<group>";
		};
		F636957F2DC0D95A006E5128 /* Products */ = {
			isa = PBXGroup;
			children = (
				F636957E2DC0D95A006E5128 /* Colne.app */,
				F636958B2DC0D95B006E5128 /* ColneTests.xctest */,
				F63695952DC0D95B006E5128 /* ColneUITests.xctest */,
				F63695BF2DC10287006E5128 /* ColneAppIntents.appex */,
			);
			name = Products;
			sourceTree = "<group>";
		};
/* End PBXGroup section */

/* Begin PBXNativeTarget section */
		F636957D2DC0D95A006E5128 /* Colne */ = {
			isa = PBXNativeTarget;
			buildConfigurationList = F636959F2DC0D95B006E5128 /* Build configuration list for PBXNativeTarget "Colne" */;
			buildPhases = (
				F636957A2DC0D95A006E5128 /* Sources */,
				F636957B2DC0D95A006E5128 /* Frameworks */,
				F636957C2DC0D95A006E5128 /* Resources */,
				F63695C92DC10287006E5128 /* Embed ExtensionKit Extensions */,
			);
			buildRules = (
			);
			dependencies = (
				F63695C72DC10287006E5128 /* PBXTargetDependency */,
			);
			fileSystemSynchronizedGroups = (
				F63695802DC0D95A006E5128 /* Colne */,
				F63695DC2DC113BB006E5128 /* Shared */,
			);
			name = Colne;
			packageProductDependencies = (
			);
			productName = Colne;
			productReference = F636957E2DC0D95A006E5128 /* Colne.app */;
			productType = "com.apple.product-type.application";
		};
		F636958A2DC0D95B006E5128 /* ColneTests */ = {
			isa = PBXNativeTarget;
			buildConfigurationList = F63695A22DC0D95B006E5128 /* Build configuration list for PBXNativeTarget "ColneTests" */;
			buildPhases = (
				F63695872DC0D95B006E5128 /* Sources */,
				F63695882DC0D95B006E5128 /* Frameworks */,
				F63695892DC0D95B006E5128 /* Resources */,
			);
			buildRules = (
			);
			dependencies = (
				F636958D2DC0D95B006E5128 /* PBXTargetDependency */,
			);
			fileSystemSynchronizedGroups = (
				F636958E2DC0D95B006E5128 /* ColneTests */,
			);
			name = ColneTests;
			packageProductDependencies = (
			);
			productName = ColneTests;
			productReference = F636958B2DC0D95B006E5128 /* ColneTests.xctest */;
			productType = "com.apple.product-type.bundle.unit-test";
		};
		F63695942DC0D95B006E5128 /* ColneUITests */ = {
			isa = PBXNativeTarget;
			buildConfigurationList = F63695A52DC0D95B006E5128 /* Build configuration list for PBXNativeTarget "ColneUITests" */;
			buildPhases = (
				F63695912DC0D95B006E5128 /* Sources */,
				F63695922DC0D95B006E5128 /* Frameworks */,
				F63695932DC0D95B006E5128 /* Resources */,
			);
			buildRules = (
			);
			dependencies = (
				F63695972DC0D95B006E5128 /* PBXTargetDependency */,
			);
			fileSystemSynchronizedGroups = (
				F63695982DC0D95B006E5128 /* ColneUITests */,
			);
			name = ColneUITests;
			packageProductDependencies = (
			);
			productName = ColneUITests;
			productReference = F63695952DC0D95B006E5128 /* ColneUITests.xctest */;
			productType = "com.apple.product-type.bundle.ui-testing";
		};
		F63695BE2DC10287006E5128 /* ColneAppIntents */ = {
			isa = PBXNativeTarget;
			buildConfigurationList = F63695CD2DC10287006E5128 /* Build configuration list for PBXNativeTarget "ColneAppIntents" */;
			buildPhases = (
				F63695BB2DC10287006E5128 /* Sources */,
				F63695BC2DC10287006E5128 /* Frameworks */,
				F63695BD2DC10287006E5128 /* Resources */,
			);
			buildRules = (
			);
			dependencies = (
			);
			fileSystemSynchronizedGroups = (
				F63695C02DC10287006E5128 /* ColneAppIntents */,
				F63695DC2DC113BB006E5128 /* Shared */,
			);
			name = ColneAppIntents;
			packageProductDependencies = (
			);
			productName = ColneAppIntents;
			productReference = F63695BF2DC10287006E5128 /* ColneAppIntents.appex */;
			productType = "com.apple.product-type.extensionkit-extension";
		};
/* End PBXNativeTarget section */

/* Begin PBXProject section */
		F63695762DC0D95A006E5128 /* Project object */ = {
			isa = PBXProject;
			attributes = {
				BuildIndependentTargetsInParallel = 1;
				KnownAssetTags = (
					New,
				);
				LastSwiftUpdateCheck = 1630;
				LastUpgradeCheck = 1630;
				TargetAttributes = {
					F636957D2DC0D95A006E5128 = {
						CreatedOnToolsVersion = 16.3;
					};
					F636958A2DC0D95B006E5128 = {
						CreatedOnToolsVersion = 16.3;
						TestTargetID = F636957D2DC0D95A006E5128;
					};
					F63695942DC0D95B006E5128 = {
						CreatedOnToolsVersion = 16.3;
						TestTargetID = F636957D2DC0D95A006E5128;
					};
					F63695BE2DC10287006E5128 = {
						CreatedOnToolsVersion = 16.3;
					};
				};
			};
			buildConfigurationList = F63695792DC0D95A006E5128 /* Build configuration list for PBXProject "Colne" */;
			developmentRegion = en;
			hasScannedForEncodings = 0;
			knownRegions = (
				en,
				Base,
			);
			mainGroup = F63695752DC0D95A006E5128;
			minimizedProjectReferenceProxies = 1;
			preferredProjectObjectVersion = 77;
			productRefGroup = F636957F2DC0D95A006E5128 /* Products */;
			projectDirPath = "";
			projectRoot = "";
			targets = (
				F636957D2DC0D95A006E5128 /* Colne */,
				F636958A2DC0D95B006E5128 /* ColneTests */,
				F63695942DC0D95B006E5128 /* ColneUITests */,
				F63695BE2DC10287006E5128 /* ColneAppIntents */,
			);
		};
/* End PBXProject section */

/* Begin PBXResourcesBuildPhase section */
		F636957C2DC0D95A006E5128 /* Resources */ = {
			isa = PBXResourcesBuildPhase;
			buildActionMask = 2147483647;
			files = (
			);
			runOnlyForDeploymentPostprocessing = 0;
		};
		F63695892DC0D95B006E5128 /* Resources */ = {
			isa = PBXResourcesBuildPhase;
			buildActionMask = 2147483647;
			files = (
			);
			runOnlyForDeploymentPostprocessing = 0;
		};
		F63695932DC0D95B006E5128 /* Resources */ = {
			isa = PBXResourcesBuildPhase;
			buildActionMask = 2147483647;
			files = (
			);
			runOnlyForDeploymentPostprocessing = 0;
		};
		F63695BD2DC10287006E5128 /* Resources */ = {
			isa = PBXResourcesBuildPhase;
			buildActionMask = 2147483647;
			files = (
			);
			runOnlyForDeploymentPostprocessing = 0;
		};
/* End PBXResourcesBuildPhase section */

/* Begin PBXSourcesBuildPhase section */
		F636957A2DC0D95A006E5128 /* Sources */ = {
			isa = PBXSourcesBuildPhase;
			buildActionMask = 2147483647;
			files = (
			);
			runOnlyForDeploymentPostprocessing = 0;
		};
		F63695872DC0D95B006E5128 /* Sources */ = {
			isa = PBXSourcesBuildPhase;
			buildActionMask = 2147483647;
			files = (
			);
			runOnlyForDeploymentPostprocessing = 0;
		};
		F63695912DC0D95B006E5128 /* Sources */ = {
			isa = PBXSourcesBuildPhase;
			buildActionMask = 2147483647;
			files = (
			);
			runOnlyForDeploymentPostprocessing = 0;
		};
		F63695BB2DC10287006E5128 /* Sources */ = {
			isa = PBXSourcesBuildPhase;
			buildActionMask = 2147483647;
			files = (
			);
			runOnlyForDeploymentPostprocessing = 0;
		};
/* End PBXSourcesBuildPhase section */

/* Begin PBXTargetDependency section */
		F636958D2DC0D95B006E5128 /* PBXTargetDependency */ = {
			isa = PBXTargetDependency;
			target = F636957D2DC0D95A006E5128 /* Colne */;
			targetProxy = F636958C2DC0D95B006E5128 /* PBXContainerItemProxy */;
		};
		F63695972DC0D95B006E5128 /* PBXTargetDependency */ = {
			isa = PBXTargetDependency;
			target = F636957D2DC0D95A006E5128 /* Colne */;
			targetProxy = F63695962DC0D95B006E5128 /* PBXContainerItemProxy */;
		};
		F63695C72DC10287006E5128 /* PBXTargetDependency */ = {
			isa = PBXTargetDependency;
			target = F63695BE2DC10287006E5128 /* ColneAppIntents */;
			targetProxy = F63695C62DC10287006E5128 /* PBXContainerItemProxy */;
		};
/* End PBXTargetDependency section */

/* Begin XCBuildConfiguration section */
		F636959D2DC0D95B006E5128 /* Debug */ = {
			isa = XCBuildConfiguration;
			buildSettings = {
				ALWAYS_SEARCH_USER_PATHS = NO;
				ASSETCATALOG_COMPILER_GENERATE_SWIFT_ASSET_SYMBOL_EXTENSIONS = YES;
				CLANG_ANALYZER_NONNULL = YES;
				CLANG_ANALYZER_NUMBER_OBJECT_CONVERSION = YES_AGGRESSIVE;
				CLANG_CXX_LANGUAGE_STANDARD = "gnu++20";
				CLANG_ENABLE_MODULES = YES;
				CLANG_ENABLE_OBJC_ARC = YES;
				CLANG_ENABLE_OBJC_WEAK = YES;
				CLANG_WARN_BLOCK_CAPTURE_AUTORELEASING = YES;
				CLANG_WARN_BOOL_CONVERSION = YES;
				CLANG_WARN_COMMA = YES;
				CLANG_WARN_CONSTANT_CONVERSION = YES;
				CLANG_WARN_DEPRECATED_OBJC_IMPLEMENTATIONS = YES;
				CLANG_WARN_DIRECT_OBJC_ISA_USAGE = YES_ERROR;
				CLANG_WARN_DOCUMENTATION_COMMENTS = YES;
				CLANG_WARN_EMPTY_BODY = YES;
				CLANG_WARN_ENUM_CONVERSION = YES;
				CLANG_WARN_INFINITE_RECURSION = YES;
				CLANG_WARN_INT_CONVERSION = YES;
				CLANG_WARN_NON_LITERAL_NULL_CONVERSION = YES;
				CLANG_WARN_OBJC_IMPLICIT_RETAIN_SELF = YES;
				CLANG_WARN_OBJC_LITERAL_CONVERSION = YES;
				CLANG_WARN_OBJC_ROOT_CLASS = YES_ERROR;
				CLANG_WARN_QUOTED_INCLUDE_IN_FRAMEWORK_HEADER = YES;
				CLANG_WARN_RANGE_LOOP_ANALYSIS = YES;
				CLANG_WARN_STRICT_PROTOTYPES = YES;
				CLANG_WARN_SUSPICIOUS_MOVE = YES;
				CLANG_WARN_UNGUARDED_AVAILABILITY = YES_AGGRESSIVE;
				CLANG_WARN_UNREACHABLE_CODE = YES;
				CLANG_WARN__DUPLICATE_METHOD_MATCH = YES;
				COPY_PHASE_STRIP = NO;
				DEBUG_INFORMATION_FORMAT = dwarf;
				DEVELOPMENT_TEAM = TB65GXLC46;
				ENABLE_STRICT_OBJC_MSGSEND = YES;
				ENABLE_TESTABILITY = YES;
				ENABLE_USER_SCRIPT_SANDBOXING = YES;
				GCC_C_LANGUAGE_STANDARD = gnu17;
				GCC_DYNAMIC_NO_PIC = NO;
				GCC_NO_COMMON_BLOCKS = YES;
				GCC_OPTIMIZATION_LEVEL = 0;
				GCC_PREPROCESSOR_DEFINITIONS = (
					"DEBUG=1",
					"$(inherited)",
				);
				GCC_WARN_64_TO_32_BIT_CONVERSION = YES;
				GCC_WARN_ABOUT_RETURN_TYPE = YES_ERROR;
				GCC_WARN_UNDECLARED_SELECTOR = YES;
				GCC_WARN_UNINITIALIZED_AUTOS = YES_AGGRESSIVE;
				GCC_WARN_UNUSED_FUNCTION = YES;
				GCC_WARN_UNUSED_VARIABLE = YES;
				IPHONEOS_DEPLOYMENT_TARGET = 18.4;
				LOCALIZATION_PREFERS_STRING_CATALOGS = YES;
				MTL_ENABLE_DEBUG_INFO = INCLUDE_SOURCE;
				MTL_FAST_MATH = YES;
				ONLY_ACTIVE_ARCH = YES;
				SDKROOT = iphoneos;
				SWIFT_ACTIVE_COMPILATION_CONDITIONS = "DEBUG $(inherited)";
				SWIFT_OPTIMIZATION_LEVEL = "-Onone";
			};
			name = Debug;
		};
		F636959E2DC0D95B006E5128 /* Release */ = {
			isa = XCBuildConfiguration;
			buildSettings = {
				ALWAYS_SEARCH_USER_PATHS = NO;
				ASSETCATALOG_COMPILER_GENERATE_SWIFT_ASSET_SYMBOL_EXTENSIONS = YES;
				CLANG_ANALYZER_NONNULL = YES;
				CLANG_ANALYZER_NUMBER_OBJECT_CONVERSION = YES_AGGRESSIVE;
				CLANG_CXX_LANGUAGE_STANDARD = "gnu++20";
				CLANG_ENABLE_MODULES = YES;
				CLANG_ENABLE_OBJC_ARC = YES;
				CLANG_ENABLE_OBJC_WEAK = YES;
				CLANG_WARN_BLOCK_CAPTURE_AUTORELEASING = YES;
				CLANG_WARN_BOOL_CONVERSION = YES;
				CLANG_WARN_COMMA = YES;
				CLANG_WARN_CONSTANT_CONVERSION = YES;
				CLANG_WARN_DEPRECATED_OBJC_IMPLEMENTATIONS = YES;
				CLANG_WARN_DIRECT_OBJC_ISA_USAGE = YES_ERROR;
				CLANG_WARN_DOCUMENTATION_COMMENTS = YES;
				CLANG_WARN_EMPTY_BODY = YES;
				CLANG_WARN_ENUM_CONVERSION = YES;
				CLANG_WARN_INFINITE_RECURSION = YES;
				CLANG_WARN_INT_CONVERSION = YES;
				CLANG_WARN_NON_LITERAL_NULL_CONVERSION = YES;
				CLANG_WARN_OBJC_IMPLICIT_RETAIN_SELF = YES;
				CLANG_WARN_OBJC_LITERAL_CONVERSION = YES;
				CLANG_WARN_OBJC_ROOT_CLASS = YES_ERROR;
				CLANG_WARN_QUOTED_INCLUDE_IN_FRAMEWORK_HEADER = YES;
				CLANG_WARN_RANGE_LOOP_ANALYSIS = YES;
				CLANG_WARN_STRICT_PROTOTYPES = YES;
				CLANG_WARN_SUSPICIOUS_MOVE = YES;
				CLANG_WARN_UNGUARDED_AVAILABILITY = YES_AGGRESSIVE;
				CLANG_WARN_UNREACHABLE_CODE = YES;
				CLANG_WARN__DUPLICATE_METHOD_MATCH = YES;
				COPY_PHASE_STRIP = NO;
				DEBUG_INFORMATION_FORMAT = "dwarf-with-dsym";
				DEVELOPMENT_TEAM = TB65GXLC46;
				ENABLE_NS_ASSERTIONS = NO;
				ENABLE_STRICT_OBJC_MSGSEND = YES;
				ENABLE_USER_SCRIPT_SANDBOXING = YES;
				GCC_C_LANGUAGE_STANDARD = gnu17;
				GCC_NO_COMMON_BLOCKS = YES;
				GCC_WARN_64_TO_32_BIT_CONVERSION = YES;
				GCC_WARN_ABOUT_RETURN_TYPE = YES_ERROR;
				GCC_WARN_UNDECLARED_SELECTOR = YES;
				GCC_WARN_UNINITIALIZED_AUTOS = YES_AGGRESSIVE;
				GCC_WARN_UNUSED_FUNCTION = YES;
				GCC_WARN_UNUSED_VARIABLE = YES;
				IPHONEOS_DEPLOYMENT_TARGET = 18.4;
				LOCALIZATION_PREFERS_STRING_CATALOGS = YES;
				MTL_ENABLE_DEBUG_INFO = NO;
				MTL_FAST_MATH = YES;
				SDKROOT = iphoneos;
				SWIFT_COMPILATION_MODE = wholemodule;
				VALIDATE_PRODUCT = YES;
			};
			name = Release;
		};
		F63695A02DC0D95B006E5128 /* Debug */ = {
			isa = XCBuildConfiguration;
			buildSettings = {
				ASSETCATALOG_COMPILER_APPICON_NAME = AppIcon;
				ASSETCATALOG_COMPILER_GLOBAL_ACCENT_COLOR_NAME = AccentColor;
				ASSETCATALOG_COMPILER_INCLUDE_ALL_APPICON_ASSETS = YES;
				CODE_SIGN_ENTITLEMENTS = Colne/Colne.entitlements;
				CODE_SIGN_IDENTITY = "Apple Development";
				CODE_SIGN_STYLE = Automatic;
				CURRENT_PROJECT_VERSION = 1;
				DEVELOPMENT_TEAM = TB65GXLC46;
				ENABLE_PREVIEWS = YES;
				GENERATE_INFOPLIST_FILE = YES;
				INFOPLIST_FILE = Colne/Info.plist;
				INFOPLIST_KEY_LSApplicationCategoryType = "public.app-category.productivity";
				INFOPLIST_KEY_UIApplicationSceneManifest_Generation = YES;
				INFOPLIST_KEY_UIApplicationSupportsIndirectInputEvents = YES;
				INFOPLIST_KEY_UILaunchScreen_Generation = YES;
				INFOPLIST_KEY_UISupportedInterfaceOrientations_iPad = "UIInterfaceOrientationPortrait UIInterfaceOrientationPortraitUpsideDown UIInterfaceOrientationLandscapeLeft UIInterfaceOrientationLandscapeRight";
				INFOPLIST_KEY_UISupportedInterfaceOrientations_iPhone = "UIInterfaceOrientationPortrait UIInterfaceOrientationLandscapeLeft UIInterfaceOrientationLandscapeRight";
				LD_RUNPATH_SEARCH_PATHS = (
					"$(inherited)",
					"@executable_path/Frameworks",
				);
				MARKETING_VERSION = 0.1.0;
				PRODUCT_BUNDLE_IDENTIFIER = Baryla.Colne;
				PRODUCT_NAME = "$(TARGET_NAME)";
				PROVISIONING_PROFILE_SPECIFIER = "";
				SUPPORTED_PLATFORMS = "iphoneos iphonesimulator";
				SUPPORTS_MACCATALYST = NO;
				SUPPORTS_MAC_DESIGNED_FOR_IPHONE_IPAD = NO;
				SUPPORTS_XR_DESIGNED_FOR_IPHONE_IPAD = NO;
				SWIFT_EMIT_LOC_STRINGS = YES;
				SWIFT_VERSION = 5.0;
				TARGETED_DEVICE_FAMILY = 1;
			};
			name = Debug;
		};
		F63695A12DC0D95B006E5128 /* Release */ = {
			isa = XCBuildConfiguration;
			buildSettings = {
				ASSETCATALOG_COMPILER_APPICON_NAME = AppIcon;
				ASSETCATALOG_COMPILER_GLOBAL_ACCENT_COLOR_NAME = AccentColor;
				ASSETCATALOG_COMPILER_INCLUDE_ALL_APPICON_ASSETS = YES;
				CODE_SIGN_ENTITLEMENTS = Colne/Colne.entitlements;
				CODE_SIGN_IDENTITY = "Apple Development";
				CODE_SIGN_STYLE = Automatic;
				CURRENT_PROJECT_VERSION = 1;
				DEVELOPMENT_TEAM = TB65GXLC46;
				ENABLE_PREVIEWS = YES;
				GENERATE_INFOPLIST_FILE = YES;
				INFOPLIST_FILE = Colne/Info.plist;
				INFOPLIST_KEY_LSApplicationCategoryType = "public.app-category.productivity";
				INFOPLIST_KEY_UIApplicationSceneManifest_Generation = YES;
				INFOPLIST_KEY_UIApplicationSupportsIndirectInputEvents = YES;
				INFOPLIST_KEY_UILaunchScreen_Generation = YES;
				INFOPLIST_KEY_UISupportedInterfaceOrientations_iPad = "UIInterfaceOrientationPortrait UIInterfaceOrientationPortraitUpsideDown UIInterfaceOrientationLandscapeLeft UIInterfaceOrientationLandscapeRight";
				INFOPLIST_KEY_UISupportedInterfaceOrientations_iPhone = "UIInterfaceOrientationPortrait UIInterfaceOrientationLandscapeLeft UIInterfaceOrientationLandscapeRight";
				LD_RUNPATH_SEARCH_PATHS = (
					"$(inherited)",
					"@executable_path/Frameworks",
				);
				MARKETING_VERSION = 0.1.0;
				PRODUCT_BUNDLE_IDENTIFIER = Baryla.Colne;
				PRODUCT_NAME = "$(TARGET_NAME)";
				PROVISIONING_PROFILE_SPECIFIER = "";
				SUPPORTED_PLATFORMS = "iphoneos iphonesimulator";
				SUPPORTS_MACCATALYST = NO;
				SUPPORTS_MAC_DESIGNED_FOR_IPHONE_IPAD = NO;
				SUPPORTS_XR_DESIGNED_FOR_IPHONE_IPAD = NO;
				SWIFT_EMIT_LOC_STRINGS = YES;
				SWIFT_VERSION = 5.0;
				TARGETED_DEVICE_FAMILY = 1;
			};
			name = Release;
		};
		F63695A32DC0D95B006E5128 /* Debug */ = {
			isa = XCBuildConfiguration;
			buildSettings = {
				BUNDLE_LOADER = "$(TEST_HOST)";
				CODE_SIGN_STYLE = Automatic;
				CURRENT_PROJECT_VERSION = 1;
				DEVELOPMENT_TEAM = TB65GXLC46;
				GENERATE_INFOPLIST_FILE = YES;
				IPHONEOS_DEPLOYMENT_TARGET = 18.4;
				MARKETING_VERSION = 1.0;
				PRODUCT_BUNDLE_IDENTIFIER = Baryla.ColneTests;
				PRODUCT_NAME = "$(TARGET_NAME)";
				SWIFT_EMIT_LOC_STRINGS = NO;
				SWIFT_VERSION = 5.0;
				TARGETED_DEVICE_FAMILY = "1,2";
				TEST_HOST = "$(BUILT_PRODUCTS_DIR)/Colne.app/$(BUNDLE_EXECUTABLE_FOLDER_PATH)/Colne";
			};
			name = Debug;
		};
		F63695A42DC0D95B006E5128 /* Release */ = {
			isa = XCBuildConfiguration;
			buildSettings = {
				BUNDLE_LOADER = "$(TEST_HOST)";
				CODE_SIGN_STYLE = Automatic;
				CURRENT_PROJECT_VERSION = 1;
				DEVELOPMENT_TEAM = TB65GXLC46;
				GENERATE_INFOPLIST_FILE = YES;
				IPHONEOS_DEPLOYMENT_TARGET = 18.4;
				MARKETING_VERSION = 1.0;
				PRODUCT_BUNDLE_IDENTIFIER = Baryla.ColneTests;
				PRODUCT_NAME = "$(TARGET_NAME)";
				SWIFT_EMIT_LOC_STRINGS = NO;
				SWIFT_VERSION = 5.0;
				TARGETED_DEVICE_FAMILY = "1,2";
				TEST_HOST = "$(BUILT_PRODUCTS_DIR)/Colne.app/$(BUNDLE_EXECUTABLE_FOLDER_PATH)/Colne";
			};
			name = Release;
		};
		F63695A62DC0D95B006E5128 /* Debug */ = {
			isa = XCBuildConfiguration;
			buildSettings = {
				CODE_SIGN_STYLE = Automatic;
				CURRENT_PROJECT_VERSION = 1;
				DEVELOPMENT_TEAM = TB65GXLC46;
				GENERATE_INFOPLIST_FILE = YES;
				MARKETING_VERSION = 1.0;
				PRODUCT_BUNDLE_IDENTIFIER = Baryla.ColneUITests;
				PRODUCT_NAME = "$(TARGET_NAME)";
				SWIFT_EMIT_LOC_STRINGS = NO;
				SWIFT_VERSION = 5.0;
				TARGETED_DEVICE_FAMILY = "1,2";
				TEST_TARGET_NAME = Colne;
			};
			name = Debug;
		};
		F63695A72DC0D95B006E5128 /* Release */ = {
			isa = XCBuildConfiguration;
			buildSettings = {
				CODE_SIGN_STYLE = Automatic;
				CURRENT_PROJECT_VERSION = 1;
				DEVELOPMENT_TEAM = TB65GXLC46;
				GENERATE_INFOPLIST_FILE = YES;
				MARKETING_VERSION = 1.0;
				PRODUCT_BUNDLE_IDENTIFIER = Baryla.ColneUITests;
				PRODUCT_NAME = "$(TARGET_NAME)";
				SWIFT_EMIT_LOC_STRINGS = NO;
				SWIFT_VERSION = 5.0;
				TARGETED_DEVICE_FAMILY = "1,2";
				TEST_TARGET_NAME = Colne;
			};
			name = Release;
		};
		F63695CA2DC10287006E5128 /* Debug */ = {
			isa = XCBuildConfiguration;
			buildSettings = {
				CODE_SIGN_ENTITLEMENTS = ColneAppIntents/ColneAppIntents.entitlements;
				CODE_SIGN_IDENTITY = "Apple Development";
				CODE_SIGN_STYLE = Automatic;
				CURRENT_PROJECT_VERSION = 1;
				DEVELOPMENT_TEAM = TB65GXLC46;
				GENERATE_INFOPLIST_FILE = YES;
				INFOPLIST_FILE = ColneAppIntents/Info.plist;
				INFOPLIST_KEY_CFBundleDisplayName = ColneAppIntents;
				INFOPLIST_KEY_NSHumanReadableCopyright = "";
				LD_RUNPATH_SEARCH_PATHS = (
					"$(inherited)",
					"@executable_path/Frameworks",
					"@executable_path/../../Frameworks",
				);
				MARKETING_VERSION = 1.0;
				PRODUCT_BUNDLE_IDENTIFIER = Baryla.Colne.ColneAppIntents;
				PRODUCT_NAME = "$(TARGET_NAME)";
				PROVISIONING_PROFILE_SPECIFIER = "";
				SKIP_INSTALL = YES;
				SWIFT_EMIT_LOC_STRINGS = YES;
				SWIFT_VERSION = 5.0;
				TARGETED_DEVICE_FAMILY = "1,2";
			};
			name = Debug;
		};
		F63695CB2DC10287006E5128 /* Release */ = {
			isa = XCBuildConfiguration;
			buildSettings = {
				CODE_SIGN_ENTITLEMENTS = ColneAppIntents/ColneAppIntents.entitlements;
				CODE_SIGN_IDENTITY = "Apple Development";
				CODE_SIGN_STYLE = Automatic;
				CURRENT_PROJECT_VERSION = 1;
				DEVELOPMENT_TEAM = TB65GXLC46;
				GENERATE_INFOPLIST_FILE = YES;
				INFOPLIST_FILE = ColneAppIntents/Info.plist;
				INFOPLIST_KEY_CFBundleDisplayName = ColneAppIntents;
				INFOPLIST_KEY_NSHumanReadableCopyright = "";
				LD_RUNPATH_SEARCH_PATHS = (
					"$(inherited)",
					"@executable_path/Frameworks",
					"@executable_path/../../Frameworks",
				);
				MARKETING_VERSION = 1.0;
				PRODUCT_BUNDLE_IDENTIFIER = Baryla.Colne.ColneAppIntents;
				PRODUCT_NAME = "$(TARGET_NAME)";
				PROVISIONING_PROFILE_SPECIFIER = "";
				SKIP_INSTALL = YES;
				SWIFT_EMIT_LOC_STRINGS = YES;
				SWIFT_VERSION = 5.0;
				TARGETED_DEVICE_FAMILY = "1,2";
			};
			name = Release;
		};
/* End XCBuildConfiguration section */

/* Begin XCConfigurationList section */
		F63695792DC0D95A006E5128 /* Build configuration list for PBXProject "Colne" */ = {
			isa = XCConfigurationList;
			buildConfigurations = (
				F636959D2DC0D95B006E5128 /* Debug */,
				F636959E2DC0D95B006E5128 /* Release */,
			);
			defaultConfigurationIsVisible = 0;
			defaultConfigurationName = Release;
		};
		F636959F2DC0D95B006E5128 /* Build configuration list for PBXNativeTarget "Colne" */ = {
			isa = XCConfigurationList;
			buildConfigurations = (
				F63695A02DC0D95B006E5128 /* Debug */,
				F63695A12DC0D95B006E5128 /* Release */,
			);
			defaultConfigurationIsVisible = 0;
			defaultConfigurationName = Release;
		};
		F63695A22DC0D95B006E5128 /* Build configuration list for PBXNativeTarget "ColneTests" */ = {
			isa = XCConfigurationList;
			buildConfigurations = (
				F63695A32DC0D95B006E5128 /* Debug */,
				F63695A42DC0D95B006E5128 /* Release */,
			);
			defaultConfigurationIsVisible = 0;
			defaultConfigurationName = Release;
		};
		F63695A52DC0D95B006E5128 /* Build configuration list for PBXNativeTarget "ColneUITests" */ = {
			isa = XCConfigurationList;
			buildConfigurations = (
				F63695A62DC0D95B006E5128 /* Debug */,
				F63695A72DC0D95B006E5128 /* Release */,
			);
			defaultConfigurationIsVisible = 0;
			defaultConfigurationName = Release;
		};
		F63695CD2DC10287006E5128 /* Build configuration list for PBXNativeTarget "ColneAppIntents" */ = {
			isa = XCConfigurationList;
			buildConfigurations = (
				F63695CA2DC10287006E5128 /* Debug */,
				F63695CB2DC10287006E5128 /* Release */,
			);
			defaultConfigurationIsVisible = 0;
			defaultConfigurationName = Release;
		};
/* End XCConfigurationList section */
	};
	rootObject = F63695762DC0D95A006E5128 /* Project object */;
}
